
Microsoft Visual Studio Solution File, Format Version 12.00
# Visual Studio Version 17
VisualStudioVersion = 17.4.32916.344
MinimumVisualStudioVersion = 10.0.40219.1
Project("{FAE04EC0-301F-11D3-BF4B-00C04F79EFBC}") = "UbuntuAppleImeiReader", "UbuntuAppleImeiReader\UbuntuAppleImeiReader.csproj", "{3DAE8618-C87C-4E9E-AE41-9C5907570B55}"
EndProject
Global
	GlobalSection(SolutionConfigurationPlatforms) = preSolution
		Debug|Any CPU = Debug|Any CPU
		Release|Any CPU = Release|Any CPU
	EndGlobalSection
	GlobalSection(ProjectConfigurationPlatforms) = postSolution
		{3DAE8618-C87C-4E9E-AE41-9C5907570B55}.Debug|Any CPU.ActiveCfg = Debug|Any CPU
		{3DAE8618-C87C-4E9E-AE41-9C5907570B55}.Debug|Any CPU.Build.0 = Debug|Any CPU
		{3DAE8618-C87C-4E9E-AE41-9C5907570B55}.Release|Any CPU.ActiveCfg = Release|Any CPU
		{3DAE8618-C87C-4E9E-AE41-9C5907570B55}.Release|Any CPU.Build.0 = Release|Any CPU
	EndGlobalSection
	GlobalSection(SolutionProperties) = preSolution
		HideSolutionNode = FALSE
	EndGlobalSection
	GlobalSection(ExtensibilityGlobals) = postSolution
		SolutionGuid = {C3E83164-F286-4E4E-9FB5-76BF4CFF1082}
	EndGlobalSection
EndGlobal
